<?xml version="1.0" encoding="utf-8"?>
<Project ToolsVersion="4.0" xmlns="http://schemas.microsoft.com/developer/msbuild/2003">
  <ItemGroup>
    <Filter Include="Source">
      <UniqueIdentifier>{752151e8-9865-46ec-8a11-12eb10f71741}</UniqueIdentifier>
    </Filter>
    <Filter Include="Shaders">
      <UniqueIdentifier>{579f8e63-81bf-493c-8e43-6ca3537c58b0}</UniqueIdentifier>
    </Filter>
  </ItemGroup>
  <ItemGroup>
    <ClCompile Include="Source\main.cpp">
      <Filter>Source</Filter>
    </ClCompile>
    <ClCompile Include="Source\Game.cpp">
      <Filter>Source</Filter>
    </ClCompile>
    <ClCompile Include="Source\Tilemap.cpp">
      <Filter>Source</Filter>
    </ClCompile>
    <ClCompile Include="Source\Camera.cpp">
      <Filter>Source</Filter>
    </ClCompile>
    <ClCompile Include="Source\Enemy.cpp">
      <Filter>Source</Filter>
    </ClCompile>
    <ClCompile Include="Source\Pathfinder.cpp">
      <Filter>Source</Filter>
    </ClCompile>
  </ItemGroup>
  <ItemGroup>
    <ClInclude Include="Source\Game.h">
      <Filter>Source</Filter>
    </ClInclude>
    <ClInclude Include="Source\Tilemap.h">
      <Filter>Source</Filter>
    </ClInclude>
    <ClInclude Include="Source\Camera.h">
      <Filter>Source</Filter>
    </ClInclude>
    <ClInclude Include="Source\Enemy.h">
      <Filter>Source</Filter>
    </ClInclude>
    <ClInclude Include="Source\Pathfinder.h">
      <Filter>Source</Filter>
    </ClInclude>
  </ItemGroup>
  <ItemGroup>
    <None Include="..\Data\Shaders\basic.frag">
      <Filter>Shaders</Filter>
    </None>
    <None Include="..\Data\Shaders\basic.vert">
      <Filter>Shaders</Filter>
    </None>
  </ItemGroup>
</Project>